
Microsoft Visual Studio Solution File, Format Version 11.00
# Visual Studio 2010
Project("{FAE04EC0-301F-11D3-BF4B-00C04F79EFBC}") = "Assembly-CSharp-firstpass", "Assembly-CSharp-firstpass.csproj", "{2E9B58AD-FFFB-C231-C62B-186EBDDBA265}"
EndProject
Project("{FAE04EC0-301F-11D3-BF4B-00C04F79EFBC}") = "Assembly-CSharp", "Assembly-CSharp.csproj", "{2264453D-2CEA-979F-F9BA-A30AD17A4256}"
EndProject
Global
	GlobalSection(SolutionConfigurationPlatforms) = preSolution
		Debug|Any CPU = Debug|Any CPU
		Release|Any CPU = Release|Any CPU
	EndGlobalSection
	GlobalSection(ProjectConfigurationPlatforms) = postSolution
		{2E9B58AD-FFFB-C231-C62B-186EBDDBA265}.Debug|Any CPU.ActiveCfg = Debug|Any CPU
		{2E9B58AD-FFFB-C231-C62B-186EBDDBA265}.Debug|Any CPU.Build.0 = Debug|Any CPU
		{2E9B58AD-FFFB-C231-C62B-186EBDDBA265}.Release|Any CPU.ActiveCfg = Release|Any CPU
		{2E9B58AD-FFFB-C231-C62B-186EBDDBA265}.Release|Any CPU.Build.0 = Release|Any CPU
		{2264453D-2CEA-979F-F9BA-A30AD17A4256}.Debug|Any CPU.ActiveCfg = Debug|Any CPU
		{2264453D-2CEA-979F-F9BA-A30AD17A4256}.Debug|Any CPU.Build.0 = Debug|Any CPU
		{2264453D-2CEA-979F-F9BA-A30AD17A4256}.Release|Any CPU.ActiveCfg = Release|Any CPU
		{2264453D-2CEA-979F-F9BA-A30AD17A4256}.Release|Any CPU.Build.0 = Release|Any CPU
	EndGlobalSection
	GlobalSection(SolutionProperties) = preSolution
		HideSolutionNode = FALSE
	EndGlobalSection
EndGlobal
